
Microsoft Visual Studio Solution File, Format Version 12.00
# Visual Studio Version 17
VisualStudioVersion = 17.9.34728.123
MinimumVisualStudioVersion = 10.0.40219.1
Project("{FAE04EC0-301F-11D3-BF4B-00C04F79EFBC}") = "WorkingWithFiles3", "WorkingWithFiles3\WorkingWithFiles3.csproj", "{A7587288-1C25-4FDA-B93B-A06F6C6E6D53}"
EndProject
Global
	GlobalSection(SolutionConfigurationPlatforms) = preSolution
		Debug|Any CPU = Debug|Any CPU
		Release|Any CPU = Release|Any CPU
	EndGlobalSection
	GlobalSection(ProjectConfigurationPlatforms) = postSolution
		{A7587288-1C25-4FDA-B93B-A06F6C6E6D53}.Debug|Any CPU.ActiveCfg = Debug|Any CPU
		{A7587288-1C25-4FDA-B93B-A06F6C6E6D53}.Debug|Any CPU.Build.0 = Debug|Any CPU
		{A7587288-1C25-4FDA-B93B-A06F6C6E6D53}.Release|Any CPU.ActiveCfg = Release|Any CPU
		{A7587288-1C25-4FDA-B93B-A06F6C6E6D53}.Release|Any CPU.Build.0 = Release|Any CPU
	EndGlobalSection
	GlobalSection(SolutionProperties) = preSolution
		HideSolutionNode = FALSE
	EndGlobalSection
	GlobalSection(ExtensibilityGlobals) = postSolution
		SolutionGuid = {A71BA3B8-0791-41C3-8641-CD4E13DDBCCF}
	EndGlobalSection
EndGlobal
